
Microsoft Visual Studio Solution File, Format Version 12.00
# Visual Studio 15
VisualStudioVersion = 15.0.28307.852
MinimumVisualStudioVersion = 10.0.40219.1
Project("{8BC9CEB8-8B4A-11D0-8D11-00A0C91BC942}") = "STLinkBridgeCLRWrapper", "clrTest1\clrTest1.vcxproj", "{1765041A-710B-4085-8ABA-E1F618901390}"
EndProject
Project("{FAE04EC0-301F-11D3-BF4B-00C04F79EFBC}") = "CSharpTest", "CSharpTest\CSharpTest.csproj", "{D89F3AAA-B2D2-4F51-AD40-E727FB817769}"
EndProject
Project("{FAE04EC0-301F-11D3-BF4B-00C04F79EFBC}") = "STLinkBridgeUnitTests", "STLinkBridgeUnitTests\STLinkBridgeUnitTests.csproj", "{5ADF6394-77B4-4EC2-B046-E0CEFE667919}"
EndProject
Project("{FAE04EC0-301F-11D3-BF4B-00C04F79EFBC}") = "CanDB", "CanDB\CanDB.csproj", "{FEE5CB1F-CC58-42B1-8665-F407CBD5843A}"
EndProject
Project("{FAE04EC0-301F-11D3-BF4B-00C04F79EFBC}") = "STLinkBridgeWrapperCsharp", "STLinkBridgeWrapperCsharp\STLinkBridgeWrapperCsharp.csproj", "{5FA49743-1BC1-4AA4-87B4-C2CEC8F7AB3C}"
	ProjectSection(ProjectDependencies) = postProject
		{FEE5CB1F-CC58-42B1-8665-F407CBD5843A} = {FEE5CB1F-CC58-42B1-8665-F407CBD5843A}
	EndProjectSection
EndProject
Global
	GlobalSection(SolutionConfigurationPlatforms) = preSolution
		Debug|Any CPU = Debug|Any CPU
		Debug|x64 = Debug|x64
		Debug|x86 = Debug|x86
		Release|Any CPU = Release|Any CPU
		Release|x64 = Release|x64
		Release|x86 = Release|x86
	EndGlobalSection
	GlobalSection(ProjectConfigurationPlatforms) = postSolution
		{1765041A-710B-4085-8ABA-E1F618901390}.Debug|Any CPU.ActiveCfg = Debug|Win32
		{1765041A-710B-4085-8ABA-E1F618901390}.Debug|Any CPU.Build.0 = Debug|Win32
		{1765041A-710B-4085-8ABA-E1F618901390}.Debug|x64.ActiveCfg = Debug|x64
		{1765041A-710B-4085-8ABA-E1F618901390}.Debug|x64.Build.0 = Debug|x64
		{1765041A-710B-4085-8ABA-E1F618901390}.Debug|x86.ActiveCfg = Debug|Win32
		{1765041A-710B-4085-8ABA-E1F618901390}.Debug|x86.Build.0 = Debug|Win32
		{1765041A-710B-4085-8ABA-E1F618901390}.Release|Any CPU.ActiveCfg = Release|Win32
		{1765041A-710B-4085-8ABA-E1F618901390}.Release|x64.ActiveCfg = Release|x64
		{1765041A-710B-4085-8ABA-E1F618901390}.Release|x64.Build.0 = Release|x64
		{1765041A-710B-4085-8ABA-E1F618901390}.Release|x86.ActiveCfg = Release|Win32
		{1765041A-710B-4085-8ABA-E1F618901390}.Release|x86.Build.0 = Release|Win32
		{D89F3AAA-B2D2-4F51-AD40-E727FB817769}.Debug|Any CPU.ActiveCfg = Debug|Any CPU
		{D89F3AAA-B2D2-4F51-AD40-E727FB817769}.Debug|Any CPU.Build.0 = Debug|Any CPU
		{D89F3AAA-B2D2-4F51-AD40-E727FB817769}.Debug|x64.ActiveCfg = Debug|Any CPU
		{D89F3AAA-B2D2-4F51-AD40-E727FB817769}.Debug|x64.Build.0 = Debug|Any CPU
		{D89F3AAA-B2D2-4F51-AD40-E727FB817769}.Debug|x86.ActiveCfg = Debug|Any CPU
		{D89F3AAA-B2D2-4F51-AD40-E727FB817769}.Debug|x86.Build.0 = Debug|Any CPU
		{D89F3AAA-B2D2-4F51-AD40-E727FB817769}.Release|Any CPU.ActiveCfg = Release|Any CPU
		{D89F3AAA-B2D2-4F51-AD40-E727FB817769}.Release|Any CPU.Build.0 = Release|Any CPU
		{D89F3AAA-B2D2-4F51-AD40-E727FB817769}.Release|x64.ActiveCfg = Release|Any CPU
		{D89F3AAA-B2D2-4F51-AD40-E727FB817769}.Release|x64.Build.0 = Release|Any CPU
		{D89F3AAA-B2D2-4F51-AD40-E727FB817769}.Release|x86.ActiveCfg = Release|Any CPU
		{D89F3AAA-B2D2-4F51-AD40-E727FB817769}.Release|x86.Build.0 = Release|Any CPU
		{5ADF6394-77B4-4EC2-B046-E0CEFE667919}.Debug|Any CPU.ActiveCfg = Debug|Any CPU
		{5ADF6394-77B4-4EC2-B046-E0CEFE667919}.Debug|Any CPU.Build.0 = Debug|Any CPU
		{5ADF6394-77B4-4EC2-B046-E0CEFE667919}.Debug|x64.ActiveCfg = Debug|Any CPU
		{5ADF6394-77B4-4EC2-B046-E0CEFE667919}.Debug|x64.Build.0 = Debug|Any CPU
		{5ADF6394-77B4-4EC2-B046-E0CEFE667919}.Debug|x86.ActiveCfg = Debug|Any CPU
		{5ADF6394-77B4-4EC2-B046-E0CEFE667919}.Debug|x86.Build.0 = Debug|Any CPU
		{5ADF6394-77B4-4EC2-B046-E0CEFE667919}.Release|Any CPU.ActiveCfg = Release|Any CPU
		{5ADF6394-77B4-4EC2-B046-E0CEFE667919}.Release|Any CPU.Build.0 = Release|Any CPU
		{5ADF6394-77B4-4EC2-B046-E0CEFE667919}.Release|x64.ActiveCfg = Release|Any CPU
		{5ADF6394-77B4-4EC2-B046-E0CEFE667919}.Release|x64.Build.0 = Release|Any CPU
		{5ADF6394-77B4-4EC2-B046-E0CEFE667919}.Release|x86.ActiveCfg = Release|Any CPU
		{5ADF6394-77B4-4EC2-B046-E0CEFE667919}.Release|x86.Build.0 = Release|Any CPU
		{FEE5CB1F-CC58-42B1-8665-F407CBD5843A}.Debug|Any CPU.ActiveCfg = Debug|Any CPU
		{FEE5CB1F-CC58-42B1-8665-F407CBD5843A}.Debug|Any CPU.Build.0 = Debug|Any CPU
		{FEE5CB1F-CC58-42B1-8665-F407CBD5843A}.Debug|x64.ActiveCfg = Debug|Any CPU
		{FEE5CB1F-CC58-42B1-8665-F407CBD5843A}.Debug|x64.Build.0 = Debug|Any CPU
		{FEE5CB1F-CC58-42B1-8665-F407CBD5843A}.Debug|x86.ActiveCfg = Debug|Any CPU
		{FEE5CB1F-CC58-42B1-8665-F407CBD5843A}.Debug|x86.Build.0 = Debug|Any CPU
		{FEE5CB1F-CC58-42B1-8665-F407CBD5843A}.Release|Any CPU.ActiveCfg = Release|Any CPU
		{FEE5CB1F-CC58-42B1-8665-F407CBD5843A}.Release|Any CPU.Build.0 = Release|Any CPU
		{FEE5CB1F-CC58-42B1-8665-F407CBD5843A}.Release|x64.ActiveCfg = Release|Any CPU
		{FEE5CB1F-CC58-42B1-8665-F407CBD5843A}.Release|x64.Build.0 = Release|Any CPU
		{FEE5CB1F-CC58-42B1-8665-F407CBD5843A}.Release|x86.ActiveCfg = Release|Any CPU
		{FEE5CB1F-CC58-42B1-8665-F407CBD5843A}.Release|x86.Build.0 = Release|Any CPU
		{5FA49743-1BC1-4AA4-87B4-C2CEC8F7AB3C}.Debug|Any CPU.ActiveCfg = Debug|Any CPU
		{5FA49743-1BC1-4AA4-87B4-C2CEC8F7AB3C}.Debug|Any CPU.Build.0 = Debug|Any CPU
		{5FA49743-1BC1-4AA4-87B4-C2CEC8F7AB3C}.Debug|x64.ActiveCfg = Debug|Any CPU
		{5FA49743-1BC1-4AA4-87B4-C2CEC8F7AB3C}.Debug|x64.Build.0 = Debug|Any CPU
		{5FA49743-1BC1-4AA4-87B4-C2CEC8F7AB3C}.Debug|x86.ActiveCfg = Debug|Any CPU
		{5FA49743-1BC1-4AA4-87B4-C2CEC8F7AB3C}.Debug|x86.Build.0 = Debug|Any CPU
		{5FA49743-1BC1-4AA4-87B4-C2CEC8F7AB3C}.Release|Any CPU.ActiveCfg = Release|Any CPU
		{5FA49743-1BC1-4AA4-87B4-C2CEC8F7AB3C}.Release|Any CPU.Build.0 = Release|Any CPU
		{5FA49743-1BC1-4AA4-87B4-C2CEC8F7AB3C}.Release|x64.ActiveCfg = Release|Any CPU
		{5FA49743-1BC1-4AA4-87B4-C2CEC8F7AB3C}.Release|x64.Build.0 = Release|Any CPU
		{5FA49743-1BC1-4AA4-87B4-C2CEC8F7AB3C}.Release|x86.ActiveCfg = Release|Any CPU
		{5FA49743-1BC1-4AA4-87B4-C2CEC8F7AB3C}.Release|x86.Build.0 = Release|Any CPU
	EndGlobalSection
	GlobalSection(SolutionProperties) = preSolution
		HideSolutionNode = FALSE
	EndGlobalSection
	GlobalSection(ExtensibilityGlobals) = postSolution
		SolutionGuid = {65F66339-9A18-4A4B-BAA3-DAB689196166}
	EndGlobalSection
EndGlobal
